
Microsoft Visual Studio Solution File, Format Version 12.00
# Visual Studio Version 16
VisualStudioVersion = 16.0.29102.190
MinimumVisualStudioVersion = 10.0.40219.1
Project("{9A19103F-16F7-4668-BE54-9A1E7A4F7556}") = "Calculator", "Vermont\Calculator.csproj", "{11C42BF9-FB0C-4A63-919C-FF43808D8100}"
EndProject
Global
	GlobalSection(SolutionConfigurationPlatforms) = preSolution
		Debug|Any CPU = Debug|Any CPU
		Release|Any CPU = Release|Any CPU
	EndGlobalSection
	GlobalSection(ProjectConfigurationPlatforms) = postSolution
		{11C42BF9-FB0C-4A63-919C-FF43808D8100}.Debug|Any CPU.ActiveCfg = Debug|Any CPU
		{11C42BF9-FB0C-4A63-919C-FF43808D8100}.Debug|Any CPU.Build.0 = Debug|Any CPU
		{11C42BF9-FB0C-4A63-919C-FF43808D8100}.Release|Any CPU.ActiveCfg = Release|Any CPU
		{11C42BF9-FB0C-4A63-919C-FF43808D8100}.Release|Any CPU.Build.0 = Release|Any CPU
	EndGlobalSection
	GlobalSection(SolutionProperties) = preSolution
		HideSolutionNode = FALSE
	EndGlobalSection
	GlobalSection(ExtensibilityGlobals) = postSolution
		SolutionGuid = {36DAC12A-3659-44BC-BB57-02B6F7CDE730}
	EndGlobalSection
EndGlobal
